// !$*UTF8*$!
{
	archiveVersion = 1;
	classes = {
	};
	objectVersion = 46;
	objects = {

/* Begin PBXBuildFile section */
		3650494A1FD82F3C001520B4 /* NACommonTests.m in Sources */ = {isa = PBXBuildFile; fileRef = 365049491FD82F3C001520B4 /* NACommonTests.m */; };
		6DEE24681BFDA10100539365 /* main.m in Sources */ = {isa = PBXBuildFile; fileRef = 6DEE24671BFDA10100539365 /* main.m */; };
		6DEE246B1BFDA10100539365 /* AppDelegate.m in Sources */ = {isa = PBXBuildFile; fileRef = 6DEE246A1BFDA10100539365 /* AppDelegate.m */; };
		6DEE24711BFDA10100539365 /* Main.storyboard in Resources */ = {isa = PBXBuildFile; fileRef = 6DEE246F1BFDA10100539365 /* Main.storyboard */; };
		6DEE24731BFDA10100539365 /* Assets.xcassets in Resources */ = {isa = PBXBuildFile; fileRef = 6DEE24721BFDA10100539365 /* Assets.xcassets */; };
		6DEE24761BFDA10100539365 /* LaunchScreen.storyboard in Resources */ = {isa = PBXBuildFile; fileRef = 6DEE24741BFDA10100539365 /* LaunchScreen.storyboard */; };
		6DEE25E31BFDA14A00539365 /* NAKeyChain.m in Sources */ = {isa = PBXBuildFile; fileRef = 6DEE24801BFDA14A00539365 /* NAKeyChain.m */; };
		6DEE25E41BFDA14A00539365 /* NSArray+NAFoundation.m in Sources */ = {isa = PBXBuildFile; fileRef = 6DEE24821BFDA14A00539365 /* NSArray+NAFoundation.m */; };
		6DEE25E51BFDA14A00539365 /* NSAttributedString+NAFoundation.m in Sources */ = {isa = PBXBuildFile; fileRef = 6DEE24841BFDA14A00539365 /* NSAttributedString+NAFoundation.m */; };
		6DEE25E61BFDA14A00539365 /* NSData+Base64.m in Sources */ = {isa = PBXBuildFile; fileRef = 6DEE24861BFDA14A00539365 /* NSData+Base64.m */; };
		6DEE25E71BFDA14A00539365 /* NSData+MD5.m in Sources */ = {isa = PBXBuildFile; fileRef = 6DEE24881BFDA14A00539365 /* NSData+MD5.m */; };
		6DEE25E81BFDA14A00539365 /* NSDate+NAFoundation.m in Sources */ = {isa = PBXBuildFile; fileRef = 6DEE248A1BFDA14A00539365 /* NSDate+NAFoundation.m */; };
		6DEE25E91BFDA14A00539365 /* NSDateComponents+NAFoundation.m in Sources */ = {isa = PBXBuildFile; fileRef = 6DEE248C1BFDA14A00539365 /* NSDateComponents+NAFoundation.m */; };
		6DEE25EA1BFDA14A00539365 /* NSIndexSet+NAFoundation.m in Sources */ = {isa = PBXBuildFile; fileRef = 6DEE248E1BFDA14A00539365 /* NSIndexSet+NAFoundation.m */; };
		6DEE25EB1BFDA14A00539365 /* NSMutableArray+NAFoundation.m in Sources */ = {isa = PBXBuildFile; fileRef = 6DEE24901BFDA14A00539365 /* NSMutableArray+NAFoundation.m */; };
		6DEE25EC1BFDA14A00539365 /* NSMutableDictionary+NAFoundation.m in Sources */ = {isa = PBXBuildFile; fileRef = 6DEE24921BFDA14A00539365 /* NSMutableDictionary+NAFoundation.m */; };
		6DEE25ED1BFDA14A00539365 /* NSNumber+NAFoundation.m in Sources */ = {isa = PBXBuildFile; fileRef = 6DEE24941BFDA14A00539365 /* NSNumber+NAFoundation.m */; };
		6DEE25EE1BFDA14A00539365 /* NSString+Base64.m in Sources */ = {isa = PBXBuildFile; fileRef = 6DEE24961BFDA14A00539365 /* NSString+Base64.m */; };
		6DEE25EF1BFDA14A00539365 /* NSString+MD5.m in Sources */ = {isa = PBXBuildFile; fileRef = 6DEE24981BFDA14A00539365 /* NSString+MD5.m */; };
		6DEE25F01BFDA14A00539365 /* NSString+NAFoundation.m in Sources */ = {isa = PBXBuildFile; fileRef = 6DEE249A1BFDA14A00539365 /* NSString+NAFoundation.m */; };
		6DEE25F11BFDA14A00539365 /* NSString+URLEncoding.m in Sources */ = {isa = PBXBuildFile; fileRef = 6DEE249C1BFDA14A00539365 /* NSString+URLEncoding.m */; };
		6DEE25F21BFDA14A00539365 /* UIDevice+Extension.m in Sources */ = {isa = PBXBuildFile; fileRef = 6DEE249E1BFDA14A00539365 /* UIDevice+Extension.m */; };
/* End PBXBuildFile section */

/* Begin PBXContainerItemProxy section */
		3650494C1FD82F3C001520B4 /* PBXContainerItemProxy */ = {
			isa = PBXContainerItemProxy;
			containerPortal = 6DEE245B1BFDA10100539365 /* Project object */;
			proxyType = 1;
			remoteGlobalIDString = 6DEE24621BFDA10100539365;
			remoteInfo = NACommon;
		};
/* End PBXContainerItemProxy section */

/* Begin PBXFileReference section */
		141A74D601DA86B208470216 /* Pods-NACommon.debug.xcconfig */ = {isa = PBXFileReference; includeInIndex = 1; lastKnownFileType = text.xcconfig; name = "Pods-NACommon.debug.xcconfig"; path = "Pods/Target Support Files/Pods-NACommon/Pods-NACommon.debug.xcconfig"; sourceTree = "<group>"; };
		31D2CA6F58E70533A33C74D1 /* Pods.release.xcconfig */ = {isa = PBXFileReference; includeInIndex = 1; lastKnownFileType = text.xcconfig; name = Pods.release.xcconfig; path = "Pods/Target Support Files/Pods/Pods.release.xcconfig"; sourceTree = "<group>"; };
		365049471FD82F3C001520B4 /* NACommonTests.xctest */ = {isa = PBXFileReference; explicitFileType = wrapper.cfbundle; includeInIndex = 0; path = NACommonTests.xctest; sourceTree = BUILT_PRODUCTS_DIR; };
		365049491FD82F3C001520B4 /* NACommonTests.m */ = {isa = PBXFileReference; lastKnownFileType = sourcecode.c.objc; path = NACommonTests.m; sourceTree = "<group>"; };
		3650494B1FD82F3C001520B4 /* Info.plist */ = {isa = PBXFileReference; lastKnownFileType = text.plist.xml; path = Info.plist; sourceTree = "<group>"; };
		5046B814ABA19A93F041AC39 /* Pods-NACommon.release.xcconfig */ = {isa = PBXFileReference; includeInIndex = 1; lastKnownFileType = text.xcconfig; name = "Pods-NACommon.release.xcconfig"; path = "Pods/Target Support Files/Pods-NACommon/Pods-NACommon.release.xcconfig"; sourceTree = "<group>"; };
		6DE23FEE1C2416EA004AF615 /* NACommonUITests.m */ = {isa = PBXFileReference; lastKnownFileType = sourcecode.c.objc; path = NACommonUITests.m; sourceTree = "<group>"; };
		6DE23FF01C2416EA004AF615 /* Info.plist */ = {isa = PBXFileReference; lastKnownFileType = text.plist.xml; path = Info.plist; sourceTree = "<group>"; };
		6DEE24631BFDA10100539365 /* NACommon.app */ = {isa = PBXFileReference; explicitFileType = wrapper.application; includeInIndex = 0; path = NACommon.app; sourceTree = BUILT_PRODUCTS_DIR; };
		6DEE24671BFDA10100539365 /* main.m */ = {isa = PBXFileReference; lastKnownFileType = sourcecode.c.objc; path = main.m; sourceTree = "<group>"; };
		6DEE24691BFDA10100539365 /* AppDelegate.h */ = {isa = PBXFileReference; lastKnownFileType = sourcecode.c.h; path = AppDelegate.h; sourceTree = "<group>"; };
		6DEE246A1BFDA10100539365 /* AppDelegate.m */ = {isa = PBXFileReference; lastKnownFileType = sourcecode.c.objc; path = AppDelegate.m; sourceTree = "<group>"; };
		6DEE24701BFDA10100539365 /* Base */ = {isa = PBXFileReference; lastKnownFileType = file.storyboard; name = Base; path = Base.lproj/Main.storyboard; sourceTree = "<group>"; };
		6DEE24721BFDA10100539365 /* Assets.xcassets */ = {isa = PBXFileReference; lastKnownFileType = folder.assetcatalog; path = Assets.xcassets; sourceTree = "<group>"; };
		6DEE24751BFDA10100539365 /* Base */ = {isa = PBXFileReference; lastKnownFileType = file.storyboard; name = Base; path = Base.lproj/LaunchScreen.storyboard; sourceTree = "<group>"; };
		6DEE24771BFDA10100539365 /* Info.plist */ = {isa = PBXFileReference; lastKnownFileType = text.plist.xml; path = Info.plist; sourceTree = "<group>"; };
		6DEE247F1BFDA14A00539365 /* NAKeyChain.h */ = {isa = PBXFileReference; fileEncoding = 4; lastKnownFileType = sourcecode.c.h; path = NAKeyChain.h; sourceTree = "<group>"; };
		6DEE24801BFDA14A00539365 /* NAKeyChain.m */ = {isa = PBXFileReference; fileEncoding = 4; lastKnownFileType = sourcecode.c.objc; path = NAKeyChain.m; sourceTree = "<group>"; };
		6DEE24811BFDA14A00539365 /* NSArray+NAFoundation.h */ = {isa = PBXFileReference; fileEncoding = 4; lastKnownFileType = sourcecode.c.h; path = "NSArray+NAFoundation.h"; sourceTree = "<group>"; };
		6DEE24821BFDA14A00539365 /* NSArray+NAFoundation.m */ = {isa = PBXFileReference; fileEncoding = 4; lastKnownFileType = sourcecode.c.objc; path = "NSArray+NAFoundation.m"; sourceTree = "<group>"; };
		6DEE24831BFDA14A00539365 /* NSAttributedString+NAFoundation.h */ = {isa = PBXFileReference; fileEncoding = 4; lastKnownFileType = sourcecode.c.h; path = "NSAttributedString+NAFoundation.h"; sourceTree = "<group>"; };
		6DEE24841BFDA14A00539365 /* NSAttributedString+NAFoundation.m */ = {isa = PBXFileReference; fileEncoding = 4; lastKnownFileType = sourcecode.c.objc; path = "NSAttributedString+NAFoundation.m"; sourceTree = "<group>"; };
		6DEE24851BFDA14A00539365 /* NSData+Base64.h */ = {isa = PBXFileReference; fileEncoding = 4; lastKnownFileType = sourcecode.c.h; path = "NSData+Base64.h"; sourceTree = "<group>"; };
		6DEE24861BFDA14A00539365 /* NSData+Base64.m */ = {isa = PBXFileReference; fileEncoding = 4; lastKnownFileType = sourcecode.c.objc; path = "NSData+Base64.m"; sourceTree = "<group>"; };
		6DEE24871BFDA14A00539365 /* NSData+MD5.h */ = {isa = PBXFileReference; fileEncoding = 4; lastKnownFileType = sourcecode.c.h; path = "NSData+MD5.h"; sourceTree = "<group>"; };
		6DEE24881BFDA14A00539365 /* NSData+MD5.m */ = {isa = PBXFileReference; fileEncoding = 4; lastKnownFileType = sourcecode.c.objc; path = "NSData+MD5.m"; sourceTree = "<group>"; };
		6DEE24891BFDA14A00539365 /* NSDate+NAFoundation.h */ = {isa = PBXFileReference; fileEncoding = 4; lastKnownFileType = sourcecode.c.h; path = "NSDate+NAFoundation.h"; sourceTree = "<group>"; };
		6DEE248A1BFDA14A00539365 /* NSDate+NAFoundation.m */ = {isa = PBXFileReference; fileEncoding = 4; lastKnownFileType = sourcecode.c.objc; path = "NSDate+NAFoundation.m"; sourceTree = "<group>"; };
		6DEE248B1BFDA14A00539365 /* NSDateComponents+NAFoundation.h */ = {isa = PBXFileReference; fileEncoding = 4; lastKnownFileType = sourcecode.c.h; path = "NSDateComponents+NAFoundation.h"; sourceTree = "<group>"; };
		6DEE248C1BFDA14A00539365 /* NSDateComponents+NAFoundation.m */ = {isa = PBXFileReference; fileEncoding = 4; lastKnownFileType = sourcecode.c.objc; path = "NSDateComponents+NAFoundation.m"; sourceTree = "<group>"; };
		6DEE248D1BFDA14A00539365 /* NSIndexSet+NAFoundation.h */ = {isa = PBXFileReference; fileEncoding = 4; lastKnownFileType = sourcecode.c.h; path = "NSIndexSet+NAFoundation.h"; sourceTree = "<group>"; };
		6DEE248E1BFDA14A00539365 /* NSIndexSet+NAFoundation.m */ = {isa = PBXFileReference; fileEncoding = 4; lastKnownFileType = sourcecode.c.objc; path = "NSIndexSet+NAFoundation.m"; sourceTree = "<group>"; };
		6DEE248F1BFDA14A00539365 /* NSMutableArray+NAFoundation.h */ = {isa = PBXFileReference; fileEncoding = 4; lastKnownFileType = sourcecode.c.h; path = "NSMutableArray+NAFoundation.h"; sourceTree = "<group>"; };
		6DEE24901BFDA14A00539365 /* NSMutableArray+NAFoundation.m */ = {isa = PBXFileReference; fileEncoding = 4; lastKnownFileType = sourcecode.c.objc; path = "NSMutableArray+NAFoundation.m"; sourceTree = "<group>"; };
		6DEE24911BFDA14A00539365 /* NSMutableDictionary+NAFoundation.h */ = {isa = PBXFileReference; fileEncoding = 4; lastKnownFileType = sourcecode.c.h; path = "NSMutableDictionary+NAFoundation.h"; sourceTree = "<group>"; };
		6DEE24921BFDA14A00539365 /* NSMutableDictionary+NAFoundation.m */ = {isa = PBXFileReference; fileEncoding = 4; lastKnownFileType = sourcecode.c.objc; path = "NSMutableDictionary+NAFoundation.m"; sourceTree = "<group>"; };
		6DEE24931BFDA14A00539365 /* NSNumber+NAFoundation.h */ = {isa = PBXFileReference; fileEncoding = 4; lastKnownFileType = sourcecode.c.h; path = "NSNumber+NAFoundation.h"; sourceTree = "<group>"; };
		6DEE24941BFDA14A00539365 /* NSNumber+NAFoundation.m */ = {isa = PBXFileReference; fileEncoding = 4; lastKnownFileType = sourcecode.c.objc; path = "NSNumber+NAFoundation.m"; sourceTree = "<group>"; };
		6DEE24951BFDA14A00539365 /* NSString+Base64.h */ = {isa = PBXFileReference; fileEncoding = 4; lastKnownFileType = sourcecode.c.h; path = "NSString+Base64.h"; sourceTree = "<group>"; };
		6DEE24961BFDA14A00539365 /* NSString+Base64.m */ = {isa = PBXFileReference; fileEncoding = 4; lastKnownFileType = sourcecode.c.objc; path = "NSString+Base64.m"; sourceTree = "<group>"; };
		6DEE24971BFDA14A00539365 /* NSString+MD5.h */ = {isa = PBXFileReference; fileEncoding = 4; lastKnownFileType = sourcecode.c.h; path = "NSString+MD5.h"; sourceTree = "<group>"; };
		6DEE24981BFDA14A00539365 /* NSString+MD5.m */ = {isa = PBXFileReference; fileEncoding = 4; lastKnownFileType = sourcecode.c.objc; path = "NSString+MD5.m"; sourceTree = "<group>"; };
		6DEE24991BFDA14A00539365 /* NSString+NAFoundation.h */ = {isa = PBXFileReference; fileEncoding = 4; lastKnownFileType = sourcecode.c.h; path = "NSString+NAFoundation.h"; sourceTree = "<group>"; };
		6DEE249A1BFDA14A00539365 /* NSString+NAFoundation.m */ = {isa = PBXFileReference; fileEncoding = 4; lastKnownFileType = sourcecode.c.objc; path = "NSString+NAFoundation.m"; sourceTree = "<group>"; };
		6DEE249B1BFDA14A00539365 /* NSString+URLEncoding.h */ = {isa = PBXFileReference; fileEncoding = 4; lastKnownFileType = sourcecode.c.h; path = "NSString+URLEncoding.h"; sourceTree = "<group>"; };
		6DEE249C1BFDA14A00539365 /* NSString+URLEncoding.m */ = {isa = PBXFileReference; fileEncoding = 4; lastKnownFileType = sourcecode.c.objc; path = "NSString+URLEncoding.m"; sourceTree = "<group>"; };
		6DEE249D1BFDA14A00539365 /* UIDevice+Extension.h */ = {isa = PBXFileReference; fileEncoding = 4; lastKnownFileType = sourcecode.c.h; path = "UIDevice+Extension.h"; sourceTree = "<group>"; };
		6DEE249E1BFDA14A00539365 /* UIDevice+Extension.m */ = {isa = PBXFileReference; fileEncoding = 4; lastKnownFileType = sourcecode.c.objc; path = "UIDevice+Extension.m"; sourceTree = "<group>"; };
		6DEE269E1BFDD90B00539365 /* nacommon.pch */ = {isa = PBXFileReference; lastKnownFileType = sourcecode.c.h; path = nacommon.pch; sourceTree = "<group>"; };
		7EAE4E6578F37F6AD3378337 /* libPods-NACommon.a */ = {isa = PBXFileReference; explicitFileType = archive.ar; includeInIndex = 0; path = "libPods-NACommon.a"; sourceTree = BUILT_PRODUCTS_DIR; };
		9915578246E021A713BEEC45 /* Pods.debug.xcconfig */ = {isa = PBXFileReference; includeInIndex = 1; lastKnownFileType = text.xcconfig; name = Pods.debug.xcconfig; path = "Pods/Target Support Files/Pods/Pods.debug.xcconfig"; sourceTree = "<group>"; };
		EADB14CA8F6AF2A3C0B3AF8B /* libPods.a */ = {isa = PBXFileReference; explicitFileType = archive.ar; includeInIndex = 0; path = libPods.a; sourceTree = BUILT_PRODUCTS_DIR; };
/* End PBXFileReference section */

/* Begin PBXFrameworksBuildPhase section */
		365049441FD82F3C001520B4 /* Frameworks */ = {
			isa = PBXFrameworksBuildPhase;
			buildActionMask = 2147483647;
			files = (
			);
			runOnlyForDeploymentPostprocessing = 0;
		};
		6DEE24601BFDA10100539365 /* Frameworks */ = {
			isa = PBXFrameworksBuildPhase;
			buildActionMask = 2147483647;
			files = (
			);
			runOnlyForDeploymentPostprocessing = 0;
		};
/* End PBXFrameworksBuildPhase section */

/* Begin PBXGroup section */
		266BB425147009B224B17222 /* Frameworks */ = {
			isa = PBXGroup;
			children = (
				EADB14CA8F6AF2A3C0B3AF8B /* libPods.a */,
				7EAE4E6578F37F6AD3378337 /* libPods-NACommon.a */,
			);
			name = Frameworks;
			sourceTree = "<group>";
		};
		365049481FD82F3C001520B4 /* NACommonTests */ = {
			isa = PBXGroup;
			children = (
				365049491FD82F3C001520B4 /* NACommonTests.m */,
				3650494B1FD82F3C001520B4 /* Info.plist */,
			);
			path = NACommonTests;
			sourceTree = "<group>";
		};
		6DE23FED1C2416EA004AF615 /* NACommonUITests */ = {
			isa = PBXGroup;
			children = (
				6DE23FEE1C2416EA004AF615 /* NACommonUITests.m */,
				6DE23FF01C2416EA004AF615 /* Info.plist */,
			);
			path = NACommonUITests;
			sourceTree = "<group>";
		};
		6DEE245A1BFDA10100539365 = {
			isa = PBXGroup;
			children = (
				6DEE24651BFDA10100539365 /* NACommon */,
				6DE23FED1C2416EA004AF615 /* NACommonUITests */,
				365049481FD82F3C001520B4 /* NACommonTests */,
				6DEE24641BFDA10100539365 /* Products */,
				6E4C2877666BCE3D3C2C6C8D /* Pods */,
				266BB425147009B224B17222 /* Frameworks */,
			);
			sourceTree = "<group>";
		};
		6DEE24641BFDA10100539365 /* Products */ = {
			isa = PBXGroup;
			children = (
				6DEE24631BFDA10100539365 /* NACommon.app */,
				365049471FD82F3C001520B4 /* NACommonTests.xctest */,
			);
			name = Products;
			sourceTree = "<group>";
		};
		6DEE24651BFDA10100539365 /* NACommon */ = {
			isa = PBXGroup;
			children = (
				6DEE247D1BFDA14A00539365 /* NACommonFoundation */,
				6DEE24691BFDA10100539365 /* AppDelegate.h */,
				6DEE246A1BFDA10100539365 /* AppDelegate.m */,
				6DEE246F1BFDA10100539365 /* Main.storyboard */,
				6DEE24721BFDA10100539365 /* Assets.xcassets */,
				6DEE24741BFDA10100539365 /* LaunchScreen.storyboard */,
				6DEE24771BFDA10100539365 /* Info.plist */,
				6DEE24661BFDA10100539365 /* Supporting Files */,
			);
			path = NACommon;
			sourceTree = "<group>";
		};
		6DEE24661BFDA10100539365 /* Supporting Files */ = {
			isa = PBXGroup;
			children = (
				6DEE24671BFDA10100539365 /* main.m */,
				6DEE269E1BFDD90B00539365 /* nacommon.pch */,
			);
			name = "Supporting Files";
			sourceTree = "<group>";
		};
		6DEE247D1BFDA14A00539365 /* NACommonFoundation */ = {
			isa = PBXGroup;
			children = (
				6DEE247E1BFDA14A00539365 /* Foundation */,
			);
			path = NACommonFoundation;
			sourceTree = "<group>";
		};
		6DEE247E1BFDA14A00539365 /* Foundation */ = {
			isa = PBXGroup;
			children = (
				6DEE247F1BFDA14A00539365 /* NAKeyChain.h */,
				6DEE24801BFDA14A00539365 /* NAKeyChain.m */,
				6DEE24811BFDA14A00539365 /* NSArray+NAFoundation.h */,
				6DEE24821BFDA14A00539365 /* NSArray+NAFoundation.m */,
				6DEE24831BFDA14A00539365 /* NSAttributedString+NAFoundation.h */,
				6DEE24841BFDA14A00539365 /* NSAttributedString+NAFoundation.m */,
				6DEE24851BFDA14A00539365 /* NSData+Base64.h */,
				6DEE24861BFDA14A00539365 /* NSData+Base64.m */,
				6DEE24871BFDA14A00539365 /* NSData+MD5.h */,
				6DEE24881BFDA14A00539365 /* NSData+MD5.m */,
				6DEE24891BFDA14A00539365 /* NSDate+NAFoundation.h */,
				6DEE248A1BFDA14A00539365 /* NSDate+NAFoundation.m */,
				6DEE248B1BFDA14A00539365 /* NSDateComponents+NAFoundation.h */,
				6DEE248C1BFDA14A00539365 /* NSDateComponents+NAFoundation.m */,
				6DEE248D1BFDA14A00539365 /* NSIndexSet+NAFoundation.h */,
				6DEE248E1BFDA14A00539365 /* NSIndexSet+NAFoundation.m */,
				6DEE248F1BFDA14A00539365 /* NSMutableArray+NAFoundation.h */,
				6DEE24901BFDA14A00539365 /* NSMutableArray+NAFoundation.m */,
				6DEE24911BFDA14A00539365 /* NSMutableDictionary+NAFoundation.h */,
				6DEE24921BFDA14A00539365 /* NSMutableDictionary+NAFoundation.m */,
				6DEE24931BFDA14A00539365 /* NSNumber+NAFoundation.h */,
				6DEE24941BFDA14A00539365 /* NSNumber+NAFoundation.m */,
				6DEE24951BFDA14A00539365 /* NSString+Base64.h */,
				6DEE24961BFDA14A00539365 /* NSString+Base64.m */,
				6DEE24971BFDA14A00539365 /* NSString+MD5.h */,
				6DEE24981BFDA14A00539365 /* NSString+MD5.m */,
				6DEE24991BFDA14A00539365 /* NSString+NAFoundation.h */,
				6DEE249A1BFDA14A00539365 /* NSString+NAFoundation.m */,
				6DEE249B1BFDA14A00539365 /* NSString+URLEncoding.h */,
				6DEE249C1BFDA14A00539365 /* NSString+URLEncoding.m */,
				6DEE249D1BFDA14A00539365 /* UIDevice+Extension.h */,
				6DEE249E1BFDA14A00539365 /* UIDevice+Extension.m */,
			);
			path = Foundation;
			sourceTree = "<group>";
		};
		6E4C2877666BCE3D3C2C6C8D /* Pods */ = {
			isa = PBXGroup;
			children = (
				9915578246E021A713BEEC45 /* Pods.debug.xcconfig */,
				31D2CA6F58E70533A33C74D1 /* Pods.release.xcconfig */,
				141A74D601DA86B208470216 /* Pods-NACommon.debug.xcconfig */,
				5046B814ABA19A93F041AC39 /* Pods-NACommon.release.xcconfig */,
			);
			name = Pods;
			sourceTree = "<group>";
		};
/* End PBXGroup section */

/* Begin PBXNativeTarget section */
		365049461FD82F3C001520B4 /* NACommonTests */ = {
			isa = PBXNativeTarget;
			buildConfigurationList = 3650494E1FD82F3C001520B4 /* Build configuration list for PBXNativeTarget "NACommonTests" */;
			buildPhases = (
				365049431FD82F3C001520B4 /* Sources */,
				365049441FD82F3C001520B4 /* Frameworks */,
				365049451FD82F3C001520B4 /* Resources */,
			);
			buildRules = (
			);
			dependencies = (
				3650494D1FD82F3C001520B4 /* PBXTargetDependency */,
			);
			name = NACommonTests;
			productName = NACommonTests;
			productReference = 365049471FD82F3C001520B4 /* NACommonTests.xctest */;
			productType = "com.apple.product-type.bundle.unit-test";
		};
		6DEE24621BFDA10100539365 /* NACommon */ = {
			isa = PBXNativeTarget;
			buildConfigurationList = 6DEE247A1BFDA10100539365 /* Build configuration list for PBXNativeTarget "NACommon" */;
			buildPhases = (
				1983D7ECBAF088DCDC18ECE3 /* [CP] Check Pods Manifest.lock */,
				6DEE245F1BFDA10100539365 /* Sources */,
				6DEE24601BFDA10100539365 /* Frameworks */,
				6DEE24611BFDA10100539365 /* Resources */,
				7583A88692C91E1370DC4B0E /* [CP] Embed Pods Frameworks */,
				9A654D43B76893F3B80BB179 /* [CP] Copy Pods Resources */,
			);
			buildRules = (
			);
			dependencies = (
			);
			name = NACommon;
			productName = NACommon;
			productReference = 6DEE24631BFDA10100539365 /* NACommon.app */;
			productType = "com.apple.product-type.application";
		};
/* End PBXNativeTarget section */

/* Begin PBXProject section */
		6DEE245B1BFDA10100539365 /* Project object */ = {
			isa = PBXProject;
			attributes = {
				LastUpgradeCheck = 0710;
				ORGANIZATIONNAME = LJH;
				TargetAttributes = {
					365049461FD82F3C001520B4 = {
						CreatedOnToolsVersion = 9.1;
						ProvisioningStyle = Automatic;
						TestTargetID = 6DEE24621BFDA10100539365;
					};
					6DEE24621BFDA10100539365 = {
						CreatedOnToolsVersion = 7.1;
						DevelopmentTeam = 2H5B82A5NY;
					};
				};
			};
			buildConfigurationList = 6DEE245E1BFDA10100539365 /* Build configuration list for PBXProject "NACommon" */;
			compatibilityVersion = "Xcode 3.2";
			developmentRegion = English;
			hasScannedForEncodings = 0;
			knownRegions = (
				en,
				Base,
			);
			mainGroup = 6DEE245A1BFDA10100539365;
			productRefGroup = 6DEE24641BFDA10100539365 /* Products */;
			projectDirPath = "";
			projectRoot = "";
			targets = (
				6DEE24621BFDA10100539365 /* NACommon */,
				365049461FD82F3C001520B4 /* NACommonTests */,
			);
		};
/* End PBXProject section */

/* Begin PBXResourcesBuildPhase section */
		365049451FD82F3C001520B4 /* Resources */ = {
			isa = PBXResourcesBuildPhase;
			buildActionMask = 2147483647;
			files = (
			);
			runOnlyForDeploymentPostprocessing = 0;
		};
		6DEE24611BFDA10100539365 /* Resources */ = {
			isa = PBXResourcesBuildPhase;
			buildActionMask = 2147483647;
			files = (
				6DEE24761BFDA10100539365 /* LaunchScreen.storyboard in Resources */,
				6DEE24731BFDA10100539365 /* Assets.xcassets in Resources */,
				6DEE24711BFDA10100539365 /* Main.storyboard in Resources */,
			);
			runOnlyForDeploymentPostprocessing = 0;
		};
/* End PBXResourcesBuildPhase section */

/* Begin PBXShellScriptBuildPhase section */
		1983D7ECBAF088DCDC18ECE3 /* [CP] Check Pods Manifest.lock */ = {
			isa = PBXShellScriptBuildPhase;
			buildActionMask = 2147483647;
			files = (
			);
			inputPaths = (
				"${PODS_PODFILE_DIR_PATH}/Podfile.lock",
				"${PODS_ROOT}/Manifest.lock",
			);
			name = "[CP] Check Pods Manifest.lock";
			outputPaths = (
				"$(DERIVED_FILE_DIR)/Pods-NACommon-checkManifestLockResult.txt",
			);
			runOnlyForDeploymentPostprocessing = 0;
			shellPath = /bin/sh;
			shellScript = "diff \"${PODS_PODFILE_DIR_PATH}/Podfile.lock\" \"${PODS_ROOT}/Manifest.lock\" > /dev/null\nif [ $? != 0 ] ; then\n    # print error to STDERR\n    echo \"error: The sandbox is not in sync with the Podfile.lock. Run 'pod install' or update your CocoaPods installation.\" >&2\n    exit 1\nfi\n# This output is used by Xcode 'outputs' to avoid re-running this script phase.\necho \"SUCCESS\" > \"${SCRIPT_OUTPUT_FILE_0}\"\n";
			showEnvVarsInLog = 0;
		};
		7583A88692C91E1370DC4B0E /* [CP] Embed Pods Frameworks */ = {
			isa = PBXShellScriptBuildPhase;
			buildActionMask = 2147483647;
			files = (
			);
			inputPaths = (
			);
			name = "[CP] Embed Pods Frameworks";
			outputPaths = (
			);
			runOnlyForDeploymentPostprocessing = 0;
			shellPath = /bin/sh;
			shellScript = "\"${SRCROOT}/Pods/Target Support Files/Pods-NACommon/Pods-NACommon-frameworks.sh\"\n";
			showEnvVarsInLog = 0;
		};
		9A654D43B76893F3B80BB179 /* [CP] Copy Pods Resources */ = {
			isa = PBXShellScriptBuildPhase;
			buildActionMask = 2147483647;
			files = (
			);
			inputPaths = (
				"${SRCROOT}/Pods/Target Support Files/Pods-NACommon/Pods-NACommon-resources.sh",
				"${PODS_ROOT}/MWPhotoBrowser/MWPhotoBrowser/MWPhotoBrowser.bundle",
				"${PODS_ROOT}/SVProgressHUD/SVProgressHUD/SVProgressHUD.bundle",
			);
			name = "[CP] Copy Pods Resources";
			outputPaths = (
				"${TARGET_BUILD_DIR}/${UNLOCALIZED_RESOURCES_FOLDER_PATH}",
			);
			runOnlyForDeploymentPostprocessing = 0;
			shellPath = /bin/sh;
			shellScript = "\"${SRCROOT}/Pods/Target Support Files/Pods-NACommon/Pods-NACommon-resources.sh\"\n";
			showEnvVarsInLog = 0;
		};
/* End PBXShellScriptBuildPhase section */

/* Begin PBXSourcesBuildPhase section */
		365049431FD82F3C001520B4 /* Sources */ = {
			isa = PBXSourcesBuildPhase;
			buildActionMask = 2147483647;
			files = (
				3650494A1FD82F3C001520B4 /* NACommonTests.m in Sources */,
			);
			runOnlyForDeploymentPostprocessing = 0;
		};
		6DEE245F1BFDA10100539365 /* Sources */ = {
			isa = PBXSourcesBuildPhase;
			buildActionMask = 2147483647;
			files = (
				6DEE25F11BFDA14A00539365 /* NSString+URLEncoding.m in Sources */,
				6DEE25E41BFDA14A00539365 /* NSArray+NAFoundation.m in Sources */,
				6DEE25ED1BFDA14A00539365 /* NSNumber+NAFoundation.m in Sources */,
				6DEE25EF1BFDA14A00539365 /* NSString+MD5.m in Sources */,
				6DEE246B1BFDA10100539365 /* AppDelegate.m in Sources */,
				6DEE25E71BFDA14A00539365 /* NSData+MD5.m in Sources */,
				6DEE25E91BFDA14A00539365 /* NSDateComponents+NAFoundation.m in Sources */,
				6DEE25E61BFDA14A00539365 /* NSData+Base64.m in Sources */,
				6DEE25EA1BFDA14A00539365 /* NSIndexSet+NAFoundation.m in Sources */,
				6DEE25EB1BFDA14A00539365 /* NSMutableArray+NAFoundation.m in Sources */,
				6DEE25EE1BFDA14A00539365 /* NSString+Base64.m in Sources */,
				6DEE25EC1BFDA14A00539365 /* NSMutableDictionary+NAFoundation.m in Sources */,
				6DEE25E31BFDA14A00539365 /* NAKeyChain.m in Sources */,
				6DEE25F21BFDA14A00539365 /* UIDevice+Extension.m in Sources */,
				6DEE24681BFDA10100539365 /* main.m in Sources */,
				6DEE25E81BFDA14A00539365 /* NSDate+NAFoundation.m in Sources */,
				6DEE25E51BFDA14A00539365 /* NSAttributedString+NAFoundation.m in Sources */,
				6DEE25F01BFDA14A00539365 /* NSString+NAFoundation.m in Sources */,
			);
			runOnlyForDeploymentPostprocessing = 0;
		};
/* End PBXSourcesBuildPhase section */

/* Begin PBXTargetDependency section */
		3650494D1FD82F3C001520B4 /* PBXTargetDependency */ = {
			isa = PBXTargetDependency;
			target = 6DEE24621BFDA10100539365 /* NACommon */;
			targetProxy = 3650494C1FD82F3C001520B4 /* PBXContainerItemProxy */;
		};
/* End PBXTargetDependency section */

/* Begin PBXVariantGroup section */
		6DEE246F1BFDA10100539365 /* Main.storyboard */ = {
			isa = PBXVariantGroup;
			children = (
				6DEE24701BFDA10100539365 /* Base */,
			);
			name = Main.storyboard;
			sourceTree = "<group>";
		};
		6DEE24741BFDA10100539365 /* LaunchScreen.storyboard */ = {
			isa = PBXVariantGroup;
			children = (
				6DEE24751BFDA10100539365 /* Base */,
			);
			name = LaunchScreen.storyboard;
			sourceTree = "<group>";
		};
/* End PBXVariantGroup section */

/* Begin XCBuildConfiguration section */
		3650494F1FD82F3C001520B4 /* Debug */ = {
			isa = XCBuildConfiguration;
			buildSettings = {
				BUNDLE_LOADER = "$(TEST_HOST)";
				CLANG_ANALYZER_NONNULL = YES;
				CLANG_ANALYZER_NUMBER_OBJECT_CONVERSION = YES_AGGRESSIVE;
				CLANG_CXX_LANGUAGE_STANDARD = "gnu++14";
				CLANG_WARN_BLOCK_CAPTURE_AUTORELEASING = YES;
				CLANG_WARN_COMMA = YES;
				CLANG_WARN_DOCUMENTATION_COMMENTS = YES;
				CLANG_WARN_INFINITE_RECURSION = YES;
				CLANG_WARN_NON_LITERAL_NULL_CONVERSION = YES;
				CLANG_WARN_OBJC_LITERAL_CONVERSION = YES;
				CLANG_WARN_RANGE_LOOP_ANALYSIS = YES;
				CLANG_WARN_STRICT_PROTOTYPES = YES;
				CLANG_WARN_SUSPICIOUS_MOVE = YES;
				CLANG_WARN_UNGUARDED_AVAILABILITY = YES_AGGRESSIVE;
				CODE_SIGN_IDENTITY = "iPhone Developer";
				CODE_SIGN_STYLE = Automatic;
				GCC_C_LANGUAGE_STANDARD = gnu11;
				INFOPLIST_FILE = NACommonTests/Info.plist;
				IPHONEOS_DEPLOYMENT_TARGET = 11.1;
				LD_RUNPATH_SEARCH_PATHS = "$(inherited) @executable_path/Frameworks @loader_path/Frameworks";
				PRODUCT_BUNDLE_IDENTIFIER = com.igg.sdkdemo2.NACommonTests;
				PRODUCT_NAME = "$(TARGET_NAME)";
				TARGETED_DEVICE_FAMILY = "1,2";
				TEST_HOST = "$(BUILT_PRODUCTS_DIR)/NACommon.app/NACommon";
			};
			name = Debug;
		};
		365049501FD82F3C001520B4 /* Release */ = {
			isa = XCBuildConfiguration;
			buildSettings = {
				BUNDLE_LOADER = "$(TEST_HOST)";
				CLANG_ANALYZER_NONNULL = YES;
				CLANG_ANALYZER_NUMBER_OBJECT_CONVERSION = YES_AGGRESSIVE;
				CLANG_CXX_LANGUAGE_STANDARD = "gnu++14";
				CLANG_WARN_BLOCK_CAPTURE_AUTORELEASING = YES;
				CLANG_WARN_COMMA = YES;
				CLANG_WARN_DOCUMENTATION_COMMENTS = YES;
				CLANG_WARN_INFINITE_RECURSION = YES;
				CLANG_WARN_NON_LITERAL_NULL_CONVERSION = YES;
				CLANG_WARN_OBJC_LITERAL_CONVERSION = YES;
				CLANG_WARN_RANGE_LOOP_ANALYSIS = YES;
				CLANG_WARN_STRICT_PROTOTYPES = YES;
				CLANG_WARN_SUSPICIOUS_MOVE = YES;
				CLANG_WARN_UNGUARDED_AVAILABILITY = YES_AGGRESSIVE;
				CODE_SIGN_IDENTITY = "iPhone Developer";
				CODE_SIGN_STYLE = Automatic;
				GCC_C_LANGUAGE_STANDARD = gnu11;
				INFOPLIST_FILE = NACommonTests/Info.plist;
				IPHONEOS_DEPLOYMENT_TARGET = 11.1;
				LD_RUNPATH_SEARCH_PATHS = "$(inherited) @executable_path/Frameworks @loader_path/Frameworks";
				PRODUCT_BUNDLE_IDENTIFIER = com.igg.sdkdemo2.NACommonTests;
				PRODUCT_NAME = "$(TARGET_NAME)";
				TARGETED_DEVICE_FAMILY = "1,2";
				TEST_HOST = "$(BUILT_PRODUCTS_DIR)/NACommon.app/NACommon";
			};
			name = Release;
		};
		6DEE24781BFDA10100539365 /* Debug */ = {
			isa = XCBuildConfiguration;
			buildSettings = {
				ALWAYS_SEARCH_USER_PATHS = NO;
				CLANG_CXX_LANGUAGE_STANDARD = "gnu++0x";
				CLANG_CXX_LIBRARY = "libc++";
				CLANG_ENABLE_MODULES = YES;
				CLANG_ENABLE_OBJC_ARC = YES;
				CLANG_WARN_BOOL_CONVERSION = YES;
				CLANG_WARN_CONSTANT_CONVERSION = YES;
				CLANG_WARN_DIRECT_OBJC_ISA_USAGE = YES_ERROR;
				CLANG_WARN_EMPTY_BODY = YES;
				CLANG_WARN_ENUM_CONVERSION = YES;
				CLANG_WARN_INT_CONVERSION = YES;
				CLANG_WARN_OBJC_ROOT_CLASS = YES_ERROR;
				CLANG_WARN_UNREACHABLE_CODE = YES;
				CLANG_WARN__DUPLICATE_METHOD_MATCH = YES;
				"CODE_SIGN_IDENTITY[sdk=iphoneos*]" = "iPhone Developer";
				COPY_PHASE_STRIP = NO;
				DEBUG_INFORMATION_FORMAT = dwarf;
				ENABLE_STRICT_OBJC_MSGSEND = YES;
				ENABLE_TESTABILITY = YES;
				GCC_C_LANGUAGE_STANDARD = gnu99;
				GCC_DYNAMIC_NO_PIC = NO;
				GCC_NO_COMMON_BLOCKS = YES;
				GCC_OPTIMIZATION_LEVEL = 0;
				GCC_PREPROCESSOR_DEFINITIONS = (
					"DEBUG=1",
					"$(inherited)",
				);
				GCC_WARN_64_TO_32_BIT_CONVERSION = YES;
				GCC_WARN_ABOUT_RETURN_TYPE = YES_ERROR;
				GCC_WARN_UNDECLARED_SELECTOR = YES;
				GCC_WARN_UNINITIALIZED_AUTOS = YES_AGGRESSIVE;
				GCC_WARN_UNUSED_FUNCTION = YES;
				GCC_WARN_UNUSED_VARIABLE = YES;
				IPHONEOS_DEPLOYMENT_TARGET = 9.1;
				MTL_ENABLE_DEBUG_INFO = YES;
				ONLY_ACTIVE_ARCH = YES;
				SDKROOT = iphoneos;
			};
			name = Debug;
		};
		6DEE24791BFDA10100539365 /* Release */ = {
			isa = XCBuildConfiguration;
			buildSettings = {
				ALWAYS_SEARCH_USER_PATHS = NO;
				CLANG_CXX_LANGUAGE_STANDARD = "gnu++0x";
				CLANG_CXX_LIBRARY = "libc++";
				CLANG_ENABLE_MODULES = YES;
				CLANG_ENABLE_OBJC_ARC = YES;
				CLANG_WARN_BOOL_CONVERSION = YES;
				CLANG_WARN_CONSTANT_CONVERSION = YES;
				CLANG_WARN_DIRECT_OBJC_ISA_USAGE = YES_ERROR;
				CLANG_WARN_EMPTY_BODY = YES;
				CLANG_WARN_ENUM_CONVERSION = YES;
				CLANG_WARN_INT_CONVERSION = YES;
				CLANG_WARN_OBJC_ROOT_CLASS = YES_ERROR;
				CLANG_WARN_UNREACHABLE_CODE = YES;
				CLANG_WARN__DUPLICATE_METHOD_MATCH = YES;
				"CODE_SIGN_IDENTITY[sdk=iphoneos*]" = "iPhone Developer";
				COPY_PHASE_STRIP = NO;
				DEBUG_INFORMATION_FORMAT = "dwarf-with-dsym";
				ENABLE_NS_ASSERTIONS = NO;
				ENABLE_STRICT_OBJC_MSGSEND = YES;
				GCC_C_LANGUAGE_STANDARD = gnu99;
				GCC_NO_COMMON_BLOCKS = YES;
				GCC_WARN_64_TO_32_BIT_CONVERSION = YES;
				GCC_WARN_ABOUT_RETURN_TYPE = YES_ERROR;
				GCC_WARN_UNDECLARED_SELECTOR = YES;
				GCC_WARN_UNINITIALIZED_AUTOS = YES_AGGRESSIVE;
				GCC_WARN_UNUSED_FUNCTION = YES;
				GCC_WARN_UNUSED_VARIABLE = YES;
				IPHONEOS_DEPLOYMENT_TARGET = 9.1;
				MTL_ENABLE_DEBUG_INFO = NO;
				SDKROOT = iphoneos;
				VALIDATE_PRODUCT = YES;
			};
			name = Release;
		};
		6DEE247B1BFDA10100539365 /* Debug */ = {
			isa = XCBuildConfiguration;
			baseConfigurationReference = 141A74D601DA86B208470216 /* Pods-NACommon.debug.xcconfig */;
			buildSettings = {
				ASSETCATALOG_COMPILER_APPICON_NAME = AppIcon;
				GCC_PREFIX_HEADER = "$(SRCROOT)/NACommon/nacommon.pch";
				INFOPLIST_FILE = NACommon/Info.plist;
				IPHONEOS_DEPLOYMENT_TARGET = 7.0;
				LD_RUNPATH_SEARCH_PATHS = "$(inherited) @executable_path/Frameworks";
				PRODUCT_BUNDLE_IDENTIFIER = con.na.NACommon;
				PRODUCT_NAME = "$(TARGET_NAME)";
			};
			name = Debug;
		};
		6DEE247C1BFDA10100539365 /* Release */ = {
			isa = XCBuildConfiguration;
			baseConfigurationReference = 5046B814ABA19A93F041AC39 /* Pods-NACommon.release.xcconfig */;
			buildSettings = {
				ASSETCATALOG_COMPILER_APPICON_NAME = AppIcon;
				GCC_PREFIX_HEADER = "$(SRCROOT)/NACommon/nacommon.pch";
				INFOPLIST_FILE = NACommon/Info.plist;
				IPHONEOS_DEPLOYMENT_TARGET = 7.0;
				LD_RUNPATH_SEARCH_PATHS = "$(inherited) @executable_path/Frameworks";
				PRODUCT_BUNDLE_IDENTIFIER = con.na.NACommon;
				PRODUCT_NAME = "$(TARGET_NAME)";
			};
			name = Release;
		};
/* End XCBuildConfiguration section */

/* Begin XCConfigurationList section */
		3650494E1FD82F3C001520B4 /* Build configuration list for PBXNativeTarget "NACommonTests" */ = {
			isa = XCConfigurationList;
			buildConfigurations = (
				3650494F1FD82F3C001520B4 /* Debug */,
				365049501FD82F3C001520B4 /* Release */,
			);
			defaultConfigurationIsVisible = 0;
			defaultConfigurationName = Release;
		};
		6DEE245E1BFDA10100539365 /* Build configuration list for PBXProject "NACommon" */ = {
			isa = XCConfigurationList;
			buildConfigurations = (
				6DEE24781BFDA10100539365 /* Debug */,
				6DEE24791BFDA10100539365 /* Release */,
			);
			defaultConfigurationIsVisible = 0;
			defaultConfigurationName = Release;
		};
		6DEE247A1BFDA10100539365 /* Build configuration list for PBXNativeTarget "NACommon" */ = {
			isa = XCConfigurationList;
			buildConfigurations = (
				6DEE247B1BFDA10100539365 /* Debug */,
				6DEE247C1BFDA10100539365 /* Release */,
			);
			defaultConfigurationIsVisible = 0;
			defaultConfigurationName = Release;
		};
/* End XCConfigurationList section */
	};
	rootObject = 6DEE245B1BFDA10100539365 /* Project object */;
}
